// !$*UTF8*$!
{
	archiveVersion = 1;
	classes = {
	};
	objectVersion = 46;
	objects = {

/* Begin PBXBuildFile section */
		420172CA1B5850AC00019518 /* MapAndListContainerViewController.m in Sources */ = {isa = PBXBuildFile; fileRef = 420172C91B5850AC00019518 /* MapAndListContainerViewController.m */; };
		420172CD1B58645000019518 /* TableListViewController.m in Sources */ = {isa = PBXBuildFile; fileRef = 420172CC1B58645000019518 /* TableListViewController.m */; };
		420172D01B5879D400019518 /* PlacesFromParse.m in Sources */ = {isa = PBXBuildFile; fileRef = 420172CF1B5879D400019518 /* PlacesFromParse.m */; };
		42023E311B703D2D00EF967E /* MainTabBarViewController.m in Sources */ = {isa = PBXBuildFile; fileRef = 42023E301B703D2D00EF967E /* MainTabBarViewController.m */; };
		4223F6271B41BE7C003E0632 /* TabBarViewController.m in Sources */ = {isa = PBXBuildFile; fileRef = 4223F6261B41BE7C003E0632 /* TabBarViewController.m */; };
		4223F62A1B41BF21003E0632 /* TabViewController.m in Sources */ = {isa = PBXBuildFile; fileRef = 4223F6291B41BF21003E0632 /* TabViewController.m */; };
		42945BC71B7703E000450360 /* MySignUpViewController.m in Sources */ = {isa = PBXBuildFile; fileRef = 42945BC61B7703E000450360 /* MySignUpViewController.m */; };
		42AE1FAD1B5B02DB00169DAF /* ListViewCell.xib in Resources */ = {isa = PBXBuildFile; fileRef = 42AE1FAC1B5B02DB00169DAF /* ListViewCell.xib */; };
		42B803961B41B44A00F281D4 /* ViewController.m in Sources */ = {isa = PBXBuildFile; fileRef = 42B803951B41B44A00F281D4 /* ViewController.m */; };
		42B803991B41B4D800F281D4 /* PageContentViewController.m in Sources */ = {isa = PBXBuildFile; fileRef = 42B803981B41B4D800F281D4 /* PageContentViewController.m */; };
		42DF517A1B308F2300CF0DE2 /* MapViewController.m in Sources */ = {isa = PBXBuildFile; fileRef = 42DF51791B308F2300CF0DE2 /* MapViewController.m */; };
		42DF517D1B308F7900CF0DE2 /* MyCustomAnnotation.m in Sources */ = {isa = PBXBuildFile; fileRef = 42DF517C1B308F7900CF0DE2 /* MyCustomAnnotation.m */; };
		42DF57AC1B6586CA00C2ABF6 /* iCarousel.m in Sources */ = {isa = PBXBuildFile; fileRef = 42DF57AB1B6586CA00C2ABF6 /* iCarousel.m */; };
		42E0F0101B333D4B00DA42DF /* LogInViewController.m in Sources */ = {isa = PBXBuildFile; fileRef = 42E0F00F1B333D4B00DA42DF /* LogInViewController.m */; };
		42E4C5781B2E4A64002F79E2 /* AudioToolbox.framework in Frameworks */ = {isa = PBXBuildFile; fileRef = 42E4C5771B2E4A64002F79E2 /* AudioToolbox.framework */; };
		42E4C57A1B2E4A6C002F79E2 /* CFNetwork.framework in Frameworks */ = {isa = PBXBuildFile; fileRef = 42E4C5791B2E4A6C002F79E2 /* CFNetwork.framework */; };
		42E4C57C1B2E4A74002F79E2 /* CoreGraphics.framework in Frameworks */ = {isa = PBXBuildFile; fileRef = 42E4C57B1B2E4A74002F79E2 /* CoreGraphics.framework */; };
		42E4C57E1B2E4A87002F79E2 /* MobileCoreServices.framework in Frameworks */ = {isa = PBXBuildFile; fileRef = 42E4C57D1B2E4A87002F79E2 /* MobileCoreServices.framework */; };
		42E4C5801B2E4A90002F79E2 /* QuartzCore.framework in Frameworks */ = {isa = PBXBuildFile; fileRef = 42E4C57F1B2E4A90002F79E2 /* QuartzCore.framework */; };
		42E4C5821B2E4A98002F79E2 /* Security.framework in Frameworks */ = {isa = PBXBuildFile; fileRef = 42E4C5811B2E4A98002F79E2 /* Security.framework */; };
		42E4C5841B2E4AA2002F79E2 /* StoreKit.framework in Frameworks */ = {isa = PBXBuildFile; fileRef = 42E4C5831B2E4AA2002F79E2 /* StoreKit.framework */; };
		42E4C5861B2E4AB6002F79E2 /* SystemConfiguration.framework in Frameworks */ = {isa = PBXBuildFile; fileRef = 42E4C5851B2E4AB6002F79E2 /* SystemConfiguration.framework */; };
		42E4C58C1B2E50F3002F79E2 /* Social.framework in Frameworks */ = {isa = PBXBuildFile; fileRef = 42E4C58B1B2E50F3002F79E2 /* Social.framework */; };
		42E4C58E1B2E50FA002F79E2 /* Accounts.framework in Frameworks */ = {isa = PBXBuildFile; fileRef = 42E4C58D1B2E50FA002F79E2 /* Accounts.framework */; };
		42E5370D1B738D8100A42C27 /* MyLoginViewController.m in Sources */ = {isa = PBXBuildFile; fileRef = 42E5370C1B738D8100A42C27 /* MyLoginViewController.m */; };
		42E537101B73978E00A42C27 /* UserViewController.m in Sources */ = {isa = PBXBuildFile; fileRef = 42E5370F1B73978E00A42C27 /* UserViewController.m */; };
		42E537121B739FB100A42C27 /* MessageUI.framework in Frameworks */ = {isa = PBXBuildFile; fileRef = 42E537111B739FB100A42C27 /* MessageUI.framework */; };
		42E73A7C1B388B94003E466C /* Comfortaa-Bold.ttf in Resources */ = {isa = PBXBuildFile; fileRef = 42E73A781B388B94003E466C /* Comfortaa-Bold.ttf */; };
		42E73A7D1B388B94003E466C /* Comfortaa-Light.ttf in Resources */ = {isa = PBXBuildFile; fileRef = 42E73A791B388B94003E466C /* Comfortaa-Light.ttf */; };
		42E73A7E1B388B94003E466C /* Comfortaa-Regular.ttf in Resources */ = {isa = PBXBuildFile; fileRef = 42E73A7A1B388B94003E466C /* Comfortaa-Regular.ttf */; };
		42E8A6E61B5C225500B37429 /* ListViewTableViewCell.m in Sources */ = {isa = PBXBuildFile; fileRef = 42E8A6E51B5C225500B37429 /* ListViewTableViewCell.m */; };
		491F24E61B2B3876008CD3F2 /* README.md in Resources */ = {isa = PBXBuildFile; fileRef = 491F24E51B2B3876008CD3F2 /* README.md */; };
		499CEC921B2B36AC00DF341A /* main.m in Sources */ = {isa = PBXBuildFile; fileRef = 499CEC911B2B36AC00DF341A /* main.m */; };
		499CEC951B2B36AC00DF341A /* AppDelegate.m in Sources */ = {isa = PBXBuildFile; fileRef = 499CEC941B2B36AC00DF341A /* AppDelegate.m */; };
		499CEC9B1B2B36AC00DF341A /* Main.storyboard in Resources */ = {isa = PBXBuildFile; fileRef = 499CEC991B2B36AC00DF341A /* Main.storyboard */; };
		499CEC9D1B2B36AC00DF341A /* Images.xcassets in Resources */ = {isa = PBXBuildFile; fileRef = 499CEC9C1B2B36AC00DF341A /* Images.xcassets */; };
		499CECA01B2B36AC00DF341A /* LaunchScreen.xib in Resources */ = {isa = PBXBuildFile; fileRef = 499CEC9E1B2B36AC00DF341A /* LaunchScreen.xib */; };
		499CECAC1B2B36AC00DF341A /* wahoTests.m in Sources */ = {isa = PBXBuildFile; fileRef = 499CECAB1B2B36AC00DF341A /* wahoTests.m */; };
		62594B601BA124BA00A07411 /* libsqlite3.dylib in Frameworks */ = {isa = PBXBuildFile; fileRef = 42E4C5891B2E4AD4002F79E2 /* libsqlite3.dylib */; };
		62594B611BA124C000A07411 /* libz.dylib in Frameworks */ = {isa = PBXBuildFile; fileRef = 42E4C5871B2E4ACB002F79E2 /* libz.dylib */; };
		62594B801BA12F3A00A07411 /* Foundation.framework in Frameworks */ = {isa = PBXBuildFile; fileRef = 62594B7F1BA12F3A00A07411 /* Foundation.framework */; };
		62594B841BA3B24000A07411 /* MBProgressHUD.m in Sources */ = {isa = PBXBuildFile; fileRef = 62594B831BA3B24000A07411 /* MBProgressHUD.m */; };
		62DA9BFA1BA8CE98007F2EFA /* Bolts.framework in Frameworks */ = {isa = PBXBuildFile; fileRef = 62DA9BF31BA8CE98007F2EFA /* Bolts.framework */; };
		62DA9BFB1BA8CE98007F2EFA /* FBSDKCoreKit.framework in Frameworks */ = {isa = PBXBuildFile; fileRef = 62DA9BF41BA8CE98007F2EFA /* FBSDKCoreKit.framework */; };
		62DA9BFC1BA8CE98007F2EFA /* FBSDKLoginKit.framework in Frameworks */ = {isa = PBXBuildFile; fileRef = 62DA9BF51BA8CE98007F2EFA /* FBSDKLoginKit.framework */; };
		62DA9BFD1BA8CE98007F2EFA /* Parse.framework in Frameworks */ = {isa = PBXBuildFile; fileRef = 62DA9BF61BA8CE98007F2EFA /* Parse.framework */; };
		62DA9BFE1BA8CE98007F2EFA /* ParseCrashReporting.framework in Frameworks */ = {isa = PBXBuildFile; fileRef = 62DA9BF71BA8CE98007F2EFA /* ParseCrashReporting.framework */; };
		62DA9BFF1BA8CE98007F2EFA /* ParseFacebookUtilsV4.framework in Frameworks */ = {isa = PBXBuildFile; fileRef = 62DA9BF81BA8CE98007F2EFA /* ParseFacebookUtilsV4.framework */; };
		62DA9C001BA8CE98007F2EFA /* ParseUI.framework in Frameworks */ = {isa = PBXBuildFile; fileRef = 62DA9BF91BA8CE98007F2EFA /* ParseUI.framework */; };
		62DA9C0A1BAA6B28007F2EFA /* imagem.png in Resources */ = {isa = PBXBuildFile; fileRef = 62DA9C071BAA6B28007F2EFA /* imagem.png */; };
		62DA9C0B1BAA6B28007F2EFA /* imagem2.png in Resources */ = {isa = PBXBuildFile; fileRef = 62DA9C081BAA6B28007F2EFA /* imagem2.png */; };
		62DA9C0C1BAA6B28007F2EFA /* imagem3.png in Resources */ = {isa = PBXBuildFile; fileRef = 62DA9C091BAA6B28007F2EFA /* imagem3.png */; };
		B9A952291B2B776100485EC8 /* EstablishmentViewController.m in Sources */ = {isa = PBXBuildFile; fileRef = B9A952281B2B776100485EC8 /* EstablishmentViewController.m */; };
		B9F4307B1B2F5EEC007CB828 /* SaveEstablishmentTableViewController.m in Sources */ = {isa = PBXBuildFile; fileRef = B9F4307A1B2F5EEC007CB828 /* SaveEstablishmentTableViewController.m */; };
/* End PBXBuildFile section */

/* Begin PBXContainerItemProxy section */
		499CECA61B2B36AC00DF341A /* PBXContainerItemProxy */ = {
			isa = PBXContainerItemProxy;
			containerPortal = 499CEC841B2B36AC00DF341A /* Project object */;
			proxyType = 1;
			remoteGlobalIDString = 499CEC8B1B2B36AC00DF341A;
			remoteInfo = waho;
		};
/* End PBXContainerItemProxy section */

/* Begin PBXFileReference section */
		420172C81B5850AC00019518 /* MapAndListContainerViewController.h */ = {isa = PBXFileReference; fileEncoding = 4; lastKnownFileType = sourcecode.c.h; path = MapAndListContainerViewController.h; sourceTree = "<group>"; };
		420172C91B5850AC00019518 /* MapAndListContainerViewController.m */ = {isa = PBXFileReference; fileEncoding = 4; lastKnownFileType = sourcecode.c.objc; path = MapAndListContainerViewController.m; sourceTree = "<group>"; };
		420172CB1B58645000019518 /* TableListViewController.h */ = {isa = PBXFileReference; fileEncoding = 4; lastKnownFileType = sourcecode.c.h; path = TableListViewController.h; sourceTree = "<group>"; };
		420172CC1B58645000019518 /* TableListViewController.m */ = {isa = PBXFileReference; fileEncoding = 4; lastKnownFileType = sourcecode.c.objc; path = TableListViewController.m; sourceTree = "<group>"; };
		420172CE1B5879D400019518 /* PlacesFromParse.h */ = {isa = PBXFileReference; fileEncoding = 4; lastKnownFileType = sourcecode.c.h; path = PlacesFromParse.h; sourceTree = "<group>"; };
		420172CF1B5879D400019518 /* PlacesFromParse.m */ = {isa = PBXFileReference; fileEncoding = 4; lastKnownFileType = sourcecode.c.objc; path = PlacesFromParse.m; sourceTree = "<group>"; };
		42023E2F1B703D2D00EF967E /* MainTabBarViewController.h */ = {isa = PBXFileReference; fileEncoding = 4; lastKnownFileType = sourcecode.c.h; path = MainTabBarViewController.h; sourceTree = "<group>"; };
		42023E301B703D2D00EF967E /* MainTabBarViewController.m */ = {isa = PBXFileReference; fileEncoding = 4; lastKnownFileType = sourcecode.c.objc; path = MainTabBarViewController.m; sourceTree = "<group>"; };
		4223F6251B41BE7C003E0632 /* TabBarViewController.h */ = {isa = PBXFileReference; fileEncoding = 4; lastKnownFileType = sourcecode.c.h; path = TabBarViewController.h; sourceTree = "<group>"; };
		4223F6261B41BE7C003E0632 /* TabBarViewController.m */ = {isa = PBXFileReference; fileEncoding = 4; lastKnownFileType = sourcecode.c.objc; path = TabBarViewController.m; sourceTree = "<group>"; };
		4223F6281B41BF21003E0632 /* TabViewController.h */ = {isa = PBXFileReference; fileEncoding = 4; lastKnownFileType = sourcecode.c.h; path = TabViewController.h; sourceTree = "<group>"; };
		4223F6291B41BF21003E0632 /* TabViewController.m */ = {isa = PBXFileReference; fileEncoding = 4; lastKnownFileType = sourcecode.c.objc; path = TabViewController.m; sourceTree = "<group>"; };
		42945BC51B7703E000450360 /* MySignUpViewController.h */ = {isa = PBXFileReference; fileEncoding = 4; lastKnownFileType = sourcecode.c.h; path = MySignUpViewController.h; sourceTree = "<group>"; };
		42945BC61B7703E000450360 /* MySignUpViewController.m */ = {isa = PBXFileReference; fileEncoding = 4; lastKnownFileType = sourcecode.c.objc; path = MySignUpViewController.m; sourceTree = "<group>"; };
		42AE1FAC1B5B02DB00169DAF /* ListViewCell.xib */ = {isa = PBXFileReference; fileEncoding = 4; lastKnownFileType = file.xib; path = ListViewCell.xib; sourceTree = "<group>"; };
		42B803941B41B44A00F281D4 /* ViewController.h */ = {isa = PBXFileReference; fileEncoding = 4; lastKnownFileType = sourcecode.c.h; path = ViewController.h; sourceTree = "<group>"; };
		42B803951B41B44A00F281D4 /* ViewController.m */ = {isa = PBXFileReference; fileEncoding = 4; lastKnownFileType = sourcecode.c.objc; path = ViewController.m; sourceTree = "<group>"; };
		42B803971B41B4D800F281D4 /* PageContentViewController.h */ = {isa = PBXFileReference; fileEncoding = 4; lastKnownFileType = sourcecode.c.h; path = PageContentViewController.h; sourceTree = "<group>"; };
		42B803981B41B4D800F281D4 /* PageContentViewController.m */ = {isa = PBXFileReference; fileEncoding = 4; lastKnownFileType = sourcecode.c.objc; path = PageContentViewController.m; sourceTree = "<group>"; };
		42DF51781B308F2300CF0DE2 /* MapViewController.h */ = {isa = PBXFileReference; fileEncoding = 4; lastKnownFileType = sourcecode.c.h; path = MapViewController.h; sourceTree = "<group>"; };
		42DF51791B308F2300CF0DE2 /* MapViewController.m */ = {isa = PBXFileReference; fileEncoding = 4; lastKnownFileType = sourcecode.c.objc; path = MapViewController.m; sourceTree = "<group>"; };
		42DF517B1B308F7900CF0DE2 /* MyCustomAnnotation.h */ = {isa = PBXFileReference; fileEncoding = 4; lastKnownFileType = sourcecode.c.h; path = MyCustomAnnotation.h; sourceTree = "<group>"; };
		42DF517C1B308F7900CF0DE2 /* MyCustomAnnotation.m */ = {isa = PBXFileReference; fileEncoding = 4; lastKnownFileType = sourcecode.c.objc; path = MyCustomAnnotation.m; sourceTree = "<group>"; };
		42DF57AA1B6586CA00C2ABF6 /* iCarousel.h */ = {isa = PBXFileReference; fileEncoding = 4; lastKnownFileType = sourcecode.c.h; path = iCarousel.h; sourceTree = "<group>"; };
		42DF57AB1B6586CA00C2ABF6 /* iCarousel.m */ = {isa = PBXFileReference; fileEncoding = 4; lastKnownFileType = sourcecode.c.objc; path = iCarousel.m; sourceTree = "<group>"; };
		42E0F00E1B333D4B00DA42DF /* LogInViewController.h */ = {isa = PBXFileReference; fileEncoding = 4; lastKnownFileType = sourcecode.c.h; path = LogInViewController.h; sourceTree = "<group>"; };
		42E0F00F1B333D4B00DA42DF /* LogInViewController.m */ = {isa = PBXFileReference; fileEncoding = 4; lastKnownFileType = sourcecode.c.objc; path = LogInViewController.m; sourceTree = "<group>"; };
		42E4C5771B2E4A64002F79E2 /* AudioToolbox.framework */ = {isa = PBXFileReference; lastKnownFileType = wrapper.framework; name = AudioToolbox.framework; path = System/Library/Frameworks/AudioToolbox.framework; sourceTree = SDKROOT; };
		42E4C5791B2E4A6C002F79E2 /* CFNetwork.framework */ = {isa = PBXFileReference; lastKnownFileType = wrapper.framework; name = CFNetwork.framework; path = System/Library/Frameworks/CFNetwork.framework; sourceTree = SDKROOT; };
		42E4C57B1B2E4A74002F79E2 /* CoreGraphics.framework */ = {isa = PBXFileReference; lastKnownFileType = wrapper.framework; name = CoreGraphics.framework; path = System/Library/Frameworks/CoreGraphics.framework; sourceTree = SDKROOT; };
		42E4C57D1B2E4A87002F79E2 /* MobileCoreServices.framework */ = {isa = PBXFileReference; lastKnownFileType = wrapper.framework; name = MobileCoreServices.framework; path = System/Library/Frameworks/MobileCoreServices.framework; sourceTree = SDKROOT; };
		42E4C57F1B2E4A90002F79E2 /* QuartzCore.framework */ = {isa = PBXFileReference; lastKnownFileType = wrapper.framework; name = QuartzCore.framework; path = System/Library/Frameworks/QuartzCore.framework; sourceTree = SDKROOT; };
		42E4C5811B2E4A98002F79E2 /* Security.framework */ = {isa = PBXFileReference; lastKnownFileType = wrapper.framework; name = Security.framework; path = System/Library/Frameworks/Security.framework; sourceTree = SDKROOT; };
		42E4C5831B2E4AA2002F79E2 /* StoreKit.framework */ = {isa = PBXFileReference; lastKnownFileType = wrapper.framework; name = StoreKit.framework; path = System/Library/Frameworks/StoreKit.framework; sourceTree = SDKROOT; };
		42E4C5851B2E4AB6002F79E2 /* SystemConfiguration.framework */ = {isa = PBXFileReference; lastKnownFileType = wrapper.framework; name = SystemConfiguration.framework; path = System/Library/Frameworks/SystemConfiguration.framework; sourceTree = SDKROOT; };
		42E4C5871B2E4ACB002F79E2 /* libz.dylib */ = {isa = PBXFileReference; lastKnownFileType = "compiled.mach-o.dylib"; name = libz.dylib; path = usr/lib/libz.dylib; sourceTree = SDKROOT; };
		42E4C5891B2E4AD4002F79E2 /* libsqlite3.dylib */ = {isa = PBXFileReference; lastKnownFileType = "compiled.mach-o.dylib"; name = libsqlite3.dylib; path = usr/lib/libsqlite3.dylib; sourceTree = SDKROOT; };
		42E4C58B1B2E50F3002F79E2 /* Social.framework */ = {isa = PBXFileReference; lastKnownFileType = wrapper.framework; name = Social.framework; path = System/Library/Frameworks/Social.framework; sourceTree = SDKROOT; };
		42E4C58D1B2E50FA002F79E2 /* Accounts.framework */ = {isa = PBXFileReference; lastKnownFileType = wrapper.framework; name = Accounts.framework; path = System/Library/Frameworks/Accounts.framework; sourceTree = SDKROOT; };
		42E5370B1B738D8100A42C27 /* MyLoginViewController.h */ = {isa = PBXFileReference; fileEncoding = 4; lastKnownFileType = sourcecode.c.h; path = MyLoginViewController.h; sourceTree = "<group>"; };
		42E5370C1B738D8100A42C27 /* MyLoginViewController.m */ = {isa = PBXFileReference; fileEncoding = 4; lastKnownFileType = sourcecode.c.objc; path = MyLoginViewController.m; sourceTree = "<group>"; };
		42E5370E1B73978E00A42C27 /* UserViewController.h */ = {isa = PBXFileReference; fileEncoding = 4; lastKnownFileType = sourcecode.c.h; path = UserViewController.h; sourceTree = "<group>"; };
		42E5370F1B73978E00A42C27 /* UserViewController.m */ = {isa = PBXFileReference; fileEncoding = 4; lastKnownFileType = sourcecode.c.objc; path = UserViewController.m; sourceTree = "<group>"; };
		42E537111B739FB100A42C27 /* MessageUI.framework */ = {isa = PBXFileReference; lastKnownFileType = wrapper.framework; name = MessageUI.framework; path = System/Library/Frameworks/MessageUI.framework; sourceTree = SDKROOT; };
		42E73A781B388B94003E466C /* Comfortaa-Bold.ttf */ = {isa = PBXFileReference; lastKnownFileType = file; path = "Comfortaa-Bold.ttf"; sourceTree = "<group>"; };
		42E73A791B388B94003E466C /* Comfortaa-Light.ttf */ = {isa = PBXFileReference; lastKnownFileType = file; path = "Comfortaa-Light.ttf"; sourceTree = "<group>"; };
		42E73A7A1B388B94003E466C /* Comfortaa-Regular.ttf */ = {isa = PBXFileReference; lastKnownFileType = file; path = "Comfortaa-Regular.ttf"; sourceTree = "<group>"; };
		42E8A6E41B5C225500B37429 /* ListViewTableViewCell.h */ = {isa = PBXFileReference; fileEncoding = 4; lastKnownFileType = sourcecode.c.h; path = ListViewTableViewCell.h; sourceTree = "<group>"; };
		42E8A6E51B5C225500B37429 /* ListViewTableViewCell.m */ = {isa = PBXFileReference; fileEncoding = 4; lastKnownFileType = sourcecode.c.objc; path = ListViewTableViewCell.m; sourceTree = "<group>"; };
		491F24E51B2B3876008CD3F2 /* README.md */ = {isa = PBXFileReference; fileEncoding = 4; lastKnownFileType = net.daringfireball.markdown; path = README.md; sourceTree = "<group>"; };
		499CEC8C1B2B36AC00DF341A /* waho.app */ = {isa = PBXFileReference; explicitFileType = wrapper.application; includeInIndex = 0; path = waho.app; sourceTree = BUILT_PRODUCTS_DIR; };
		499CEC901B2B36AC00DF341A /* Info.plist */ = {isa = PBXFileReference; lastKnownFileType = text.plist.xml; path = Info.plist; sourceTree = "<group>"; };
		499CEC911B2B36AC00DF341A /* main.m */ = {isa = PBXFileReference; lastKnownFileType = sourcecode.c.objc; path = main.m; sourceTree = "<group>"; };
		499CEC931B2B36AC00DF341A /* AppDelegate.h */ = {isa = PBXFileReference; lastKnownFileType = sourcecode.c.h; path = AppDelegate.h; sourceTree = "<group>"; };
		499CEC941B2B36AC00DF341A /* AppDelegate.m */ = {isa = PBXFileReference; lastKnownFileType = sourcecode.c.objc; path = AppDelegate.m; sourceTree = "<group>"; };
		499CEC9A1B2B36AC00DF341A /* Base */ = {isa = PBXFileReference; lastKnownFileType = file.storyboard; name = Base; path = Base.lproj/Main.storyboard; sourceTree = "<group>"; };
		499CEC9C1B2B36AC00DF341A /* Images.xcassets */ = {isa = PBXFileReference; lastKnownFileType = folder.assetcatalog; path = Images.xcassets; sourceTree = "<group>"; };
		499CEC9F1B2B36AC00DF341A /* Base */ = {isa = PBXFileReference; lastKnownFileType = file.xib; name = Base; path = Base.lproj/LaunchScreen.xib; sourceTree = "<group>"; };
		499CECA51B2B36AC00DF341A /* wahoTests.xctest */ = {isa = PBXFileReference; explicitFileType = wrapper.cfbundle; includeInIndex = 0; path = wahoTests.xctest; sourceTree = BUILT_PRODUCTS_DIR; };
		499CECAA1B2B36AC00DF341A /* Info.plist */ = {isa = PBXFileReference; lastKnownFileType = text.plist.xml; path = Info.plist; sourceTree = "<group>"; };
		499CECAB1B2B36AC00DF341A /* wahoTests.m */ = {isa = PBXFileReference; lastKnownFileType = sourcecode.c.objc; path = wahoTests.m; sourceTree = "<group>"; };
		62594B7F1BA12F3A00A07411 /* Foundation.framework */ = {isa = PBXFileReference; lastKnownFileType = wrapper.framework; name = Foundation.framework; path = System/Library/Frameworks/Foundation.framework; sourceTree = SDKROOT; };
		62594B821BA3B24000A07411 /* MBProgressHUD.h */ = {isa = PBXFileReference; fileEncoding = 4; lastKnownFileType = sourcecode.c.h; name = MBProgressHUD.h; path = iCarousel/MBProgressHUD.h; sourceTree = "<group>"; };
		62594B831BA3B24000A07411 /* MBProgressHUD.m */ = {isa = PBXFileReference; fileEncoding = 4; lastKnownFileType = sourcecode.c.objc; name = MBProgressHUD.m; path = iCarousel/MBProgressHUD.m; sourceTree = "<group>"; };
		62DA9BF31BA8CE98007F2EFA /* Bolts.framework */ = {isa = PBXFileReference; lastKnownFileType = wrapper.framework; name = Bolts.framework; path = Frameworks/Bolts.framework; sourceTree = "<group>"; };
		62DA9BF41BA8CE98007F2EFA /* FBSDKCoreKit.framework */ = {isa = PBXFileReference; lastKnownFileType = wrapper.framework; name = FBSDKCoreKit.framework; path = Frameworks/FBSDKCoreKit.framework; sourceTree = "<group>"; };
		62DA9BF51BA8CE98007F2EFA /* FBSDKLoginKit.framework */ = {isa = PBXFileReference; lastKnownFileType = wrapper.framework; name = FBSDKLoginKit.framework; path = Frameworks/FBSDKLoginKit.framework; sourceTree = "<group>"; };
		62DA9BF61BA8CE98007F2EFA /* Parse.framework */ = {isa = PBXFileReference; lastKnownFileType = wrapper.framework; name = Parse.framework; path = Frameworks/Parse.framework; sourceTree = "<group>"; };
		62DA9BF71BA8CE98007F2EFA /* ParseCrashReporting.framework */ = {isa = PBXFileReference; lastKnownFileType = wrapper.framework; name = ParseCrashReporting.framework; path = Frameworks/ParseCrashReporting.framework; sourceTree = "<group>"; };
		62DA9BF81BA8CE98007F2EFA /* ParseFacebookUtilsV4.framework */ = {isa = PBXFileReference; lastKnownFileType = wrapper.framework; name = ParseFacebookUtilsV4.framework; path = Frameworks/ParseFacebookUtilsV4.framework; sourceTree = "<group>"; };
		62DA9BF91BA8CE98007F2EFA /* ParseUI.framework */ = {isa = PBXFileReference; lastKnownFileType = wrapper.framework; name = ParseUI.framework; path = Frameworks/ParseUI.framework; sourceTree = "<group>"; };
		62DA9C071BAA6B28007F2EFA /* imagem.png */ = {isa = PBXFileReference; lastKnownFileType = image.png; path = imagem.png; sourceTree = "<group>"; };
		62DA9C081BAA6B28007F2EFA /* imagem2.png */ = {isa = PBXFileReference; lastKnownFileType = image.png; path = imagem2.png; sourceTree = "<group>"; };
		62DA9C091BAA6B28007F2EFA /* imagem3.png */ = {isa = PBXFileReference; lastKnownFileType = image.png; path = imagem3.png; sourceTree = "<group>"; };
		B9A952211B2B5F5100485EC8 /* MapKit.framework */ = {isa = PBXFileReference; lastKnownFileType = wrapper.framework; name = MapKit.framework; path = System/Library/Frameworks/MapKit.framework; sourceTree = SDKROOT; };
		B9A952231B2B5F5A00485EC8 /* CoreLocation.framework */ = {isa = PBXFileReference; lastKnownFileType = wrapper.framework; name = CoreLocation.framework; path = System/Library/Frameworks/CoreLocation.framework; sourceTree = SDKROOT; };
		B9A952251B2B5F7E00485EC8 /* UIKit.framework */ = {isa = PBXFileReference; lastKnownFileType = wrapper.framework; name = UIKit.framework; path = System/Library/Frameworks/UIKit.framework; sourceTree = SDKROOT; };
		B9A952271B2B776100485EC8 /* EstablishmentViewController.h */ = {isa = PBXFileReference; fileEncoding = 4; lastKnownFileType = sourcecode.c.h; path = EstablishmentViewController.h; sourceTree = "<group>"; };
		B9A952281B2B776100485EC8 /* EstablishmentViewController.m */ = {isa = PBXFileReference; fileEncoding = 4; lastKnownFileType = sourcecode.c.objc; path = EstablishmentViewController.m; sourceTree = "<group>"; };
		B9F430791B2F5EEC007CB828 /* SaveEstablishmentTableViewController.h */ = {isa = PBXFileReference; fileEncoding = 4; lastKnownFileType = sourcecode.c.h; path = SaveEstablishmentTableViewController.h; sourceTree = "<group>"; };
		B9F4307A1B2F5EEC007CB828 /* SaveEstablishmentTableViewController.m */ = {isa = PBXFileReference; fileEncoding = 4; lastKnownFileType = sourcecode.c.objc; path = SaveEstablishmentTableViewController.m; sourceTree = "<group>"; };
/* End PBXFileReference section */

/* Begin PBXFrameworksBuildPhase section */
		499CEC891B2B36AC00DF341A /* Frameworks */ = {
			isa = PBXFrameworksBuildPhase;
			buildActionMask = 2147483647;
			files = (
				62DA9BFC1BA8CE98007F2EFA /* FBSDKLoginKit.framework in Frameworks */,
				62DA9BFA1BA8CE98007F2EFA /* Bolts.framework in Frameworks */,
				62594B801BA12F3A00A07411 /* Foundation.framework in Frameworks */,
				62594B611BA124C000A07411 /* libz.dylib in Frameworks */,
				62594B601BA124BA00A07411 /* libsqlite3.dylib in Frameworks */,
				42E537121B739FB100A42C27 /* MessageUI.framework in Frameworks */,
				42E4C58E1B2E50FA002F79E2 /* Accounts.framework in Frameworks */,
				42E4C58C1B2E50F3002F79E2 /* Social.framework in Frameworks */,
				42E4C5861B2E4AB6002F79E2 /* SystemConfiguration.framework in Frameworks */,
				62DA9C001BA8CE98007F2EFA /* ParseUI.framework in Frameworks */,
				42E4C5841B2E4AA2002F79E2 /* StoreKit.framework in Frameworks */,
				62DA9BFE1BA8CE98007F2EFA /* ParseCrashReporting.framework in Frameworks */,
				62DA9BFD1BA8CE98007F2EFA /* Parse.framework in Frameworks */,
				42E4C5821B2E4A98002F79E2 /* Security.framework in Frameworks */,
				42E4C5801B2E4A90002F79E2 /* QuartzCore.framework in Frameworks */,
				62DA9BFF1BA8CE98007F2EFA /* ParseFacebookUtilsV4.framework in Frameworks */,
				42E4C57E1B2E4A87002F79E2 /* MobileCoreServices.framework in Frameworks */,
				42E4C57C1B2E4A74002F79E2 /* CoreGraphics.framework in Frameworks */,
				62DA9BFB1BA8CE98007F2EFA /* FBSDKCoreKit.framework in Frameworks */,
				42E4C57A1B2E4A6C002F79E2 /* CFNetwork.framework in Frameworks */,
				42E4C5781B2E4A64002F79E2 /* AudioToolbox.framework in Frameworks */,
			);
			runOnlyForDeploymentPostprocessing = 0;
		};
		499CECA21B2B36AC00DF341A /* Frameworks */ = {
			isa = PBXFrameworksBuildPhase;
			buildActionMask = 2147483647;
			files = (
			);
			runOnlyForDeploymentPostprocessing = 0;
		};
/* End PBXFrameworksBuildPhase section */

/* Begin PBXGroup section */
		42DF57A91B6586CA00C2ABF6 /* iCarousel */ = {
			isa = PBXGroup;
			children = (
				42DF57AA1B6586CA00C2ABF6 /* iCarousel.h */,
				42DF57AB1B6586CA00C2ABF6 /* iCarousel.m */,
			);
			path = iCarousel;
			sourceTree = "<group>";
		};
		42E73A771B388B94003E466C /* Resources */ = {
			isa = PBXGroup;
			children = (
				62DA9C071BAA6B28007F2EFA /* imagem.png */,
				62DA9C081BAA6B28007F2EFA /* imagem2.png */,
				62DA9C091BAA6B28007F2EFA /* imagem3.png */,
				42E73A781B388B94003E466C /* Comfortaa-Bold.ttf */,
				42E73A791B388B94003E466C /* Comfortaa-Light.ttf */,
				42E73A7A1B388B94003E466C /* Comfortaa-Regular.ttf */,
			);
			path = Resources;
			sourceTree = "<group>";
		};
		49543A8C1B2B68DB005E9164 /* Frameworks */ = {
			isa = PBXGroup;
			children = (
				62DA9BF31BA8CE98007F2EFA /* Bolts.framework */,
				62DA9BF41BA8CE98007F2EFA /* FBSDKCoreKit.framework */,
				62DA9BF51BA8CE98007F2EFA /* FBSDKLoginKit.framework */,
				62DA9BF61BA8CE98007F2EFA /* Parse.framework */,
				62DA9BF71BA8CE98007F2EFA /* ParseCrashReporting.framework */,
				62DA9BF81BA8CE98007F2EFA /* ParseFacebookUtilsV4.framework */,
				62DA9BF91BA8CE98007F2EFA /* ParseUI.framework */,
				62594B821BA3B24000A07411 /* MBProgressHUD.h */,
				62594B831BA3B24000A07411 /* MBProgressHUD.m */,
				62594B7F1BA12F3A00A07411 /* Foundation.framework */,
				42E537111B739FB100A42C27 /* MessageUI.framework */,
				42DF57A91B6586CA00C2ABF6 /* iCarousel */,
				B9A952251B2B5F7E00485EC8 /* UIKit.framework */,
				B9A952231B2B5F5A00485EC8 /* CoreLocation.framework */,
				B9A952211B2B5F5100485EC8 /* MapKit.framework */,
				42E4C58D1B2E50FA002F79E2 /* Accounts.framework */,
				42E4C58B1B2E50F3002F79E2 /* Social.framework */,
				42E4C5891B2E4AD4002F79E2 /* libsqlite3.dylib */,
				42E4C5871B2E4ACB002F79E2 /* libz.dylib */,
				42E4C5851B2E4AB6002F79E2 /* SystemConfiguration.framework */,
				42E4C5831B2E4AA2002F79E2 /* StoreKit.framework */,
				42E4C5811B2E4A98002F79E2 /* Security.framework */,
				42E4C57F1B2E4A90002F79E2 /* QuartzCore.framework */,
				42E4C57D1B2E4A87002F79E2 /* MobileCoreServices.framework */,
				42E4C57B1B2E4A74002F79E2 /* CoreGraphics.framework */,
				42E4C5791B2E4A6C002F79E2 /* CFNetwork.framework */,
				42E4C5771B2E4A64002F79E2 /* AudioToolbox.framework */,
			);
			name = Frameworks;
			sourceTree = "<group>";
		};
		499CEC831B2B36AC00DF341A = {
			isa = PBXGroup;
			children = (
				4223F6251B41BE7C003E0632 /* TabBarViewController.h */,
				4223F6261B41BE7C003E0632 /* TabBarViewController.m */,
				4223F6281B41BF21003E0632 /* TabViewController.h */,
				4223F6291B41BF21003E0632 /* TabViewController.m */,
				491F24E51B2B3876008CD3F2 /* README.md */,
				49543A8C1B2B68DB005E9164 /* Frameworks */,
				499CEC8E1B2B36AC00DF341A /* waho */,
				499CECA81B2B36AC00DF341A /* wahoTests */,
				499CEC8D1B2B36AC00DF341A /* Products */,
			);
			sourceTree = "<group>";
		};
		499CEC8D1B2B36AC00DF341A /* Products */ = {
			isa = PBXGroup;
			children = (
				499CEC8C1B2B36AC00DF341A /* waho.app */,
				499CECA51B2B36AC00DF341A /* wahoTests.xctest */,
			);
			name = Products;
			sourceTree = "<group>";
		};
		499CEC8E1B2B36AC00DF341A /* waho */ = {
			isa = PBXGroup;
			children = (
				42E73A771B388B94003E466C /* Resources */,
				499CEC931B2B36AC00DF341A /* AppDelegate.h */,
				499CEC941B2B36AC00DF341A /* AppDelegate.m */,
				62594B621BA1251E00A07411 /* Establishment */,
				62594B631BA1252900A07411 /* MyCustomAnnotation */,
				62594B641BA1253300A07411 /* SaveEStablishment */,
				499CEC991B2B36AC00DF341A /* Main.storyboard */,
				62594B651BA1253E00A07411 /* UserView */,
				62594B671BA1254D00A07411 /* MySignUp */,
				62594B681BA1255700A07411 /* MainTabBar */,
				62594B691BA1256500A07411 /* ListView */,
				62594B6A1BA1256C00A07411 /* TableList */,
				62594B6B1BA1257300A07411 /* MapAndListContainer */,
				62594B661BA1254700A07411 /* MyLogin */,
				62594B6C1BA1257F00A07411 /* LogIn */,
				62594B6D1BA1258900A07411 /* MapView */,
				62594B6E1BA1258F00A07411 /* PlacesFromParse */,
				62594B6F1BA1259F00A07411 /* ViewController */,
				62594B701BA125A600A07411 /* PageContent */,
				499CEC9C1B2B36AC00DF341A /* Images.xcassets */,
				499CEC9E1B2B36AC00DF341A /* LaunchScreen.xib */,
				499CEC8F1B2B36AC00DF341A /* Supporting Files */,
			);
			path = waho;
			sourceTree = "<group>";
		};
		499CEC8F1B2B36AC00DF341A /* Supporting Files */ = {
			isa = PBXGroup;
			children = (
				499CEC901B2B36AC00DF341A /* Info.plist */,
				499CEC911B2B36AC00DF341A /* main.m */,
			);
			name = "Supporting Files";
			sourceTree = "<group>";
		};
		499CECA81B2B36AC00DF341A /* wahoTests */ = {
			isa = PBXGroup;
			children = (
				499CECAB1B2B36AC00DF341A /* wahoTests.m */,
				499CECA91B2B36AC00DF341A /* Supporting Files */,
			);
			path = wahoTests;
			sourceTree = "<group>";
		};
		499CECA91B2B36AC00DF341A /* Supporting Files */ = {
			isa = PBXGroup;
			children = (
				499CECAA1B2B36AC00DF341A /* Info.plist */,
			);
			name = "Supporting Files";
			sourceTree = "<group>";
		};
		62594B621BA1251E00A07411 /* Establishment */ = {
			isa = PBXGroup;
			children = (
				B9A952271B2B776100485EC8 /* EstablishmentViewController.h */,
				B9A952281B2B776100485EC8 /* EstablishmentViewController.m */,
			);
			name = Establishment;
			sourceTree = "<group>";
		};
		62594B631BA1252900A07411 /* MyCustomAnnotation */ = {
			isa = PBXGroup;
			children = (
				42DF517B1B308F7900CF0DE2 /* MyCustomAnnotation.h */,
				42DF517C1B308F7900CF0DE2 /* MyCustomAnnotation.m */,
			);
			name = MyCustomAnnotation;
			sourceTree = "<group>";
		};
		62594B641BA1253300A07411 /* SaveEStablishment */ = {
			isa = PBXGroup;
			children = (
				B9F430791B2F5EEC007CB828 /* SaveEstablishmentTableViewController.h */,
				B9F4307A1B2F5EEC007CB828 /* SaveEstablishmentTableViewController.m */,
			);
			name = SaveEStablishment;
			sourceTree = "<group>";
		};
		62594B651BA1253E00A07411 /* UserView */ = {
			isa = PBXGroup;
			children = (
				42E5370E1B73978E00A42C27 /* UserViewController.h */,
				42E5370F1B73978E00A42C27 /* UserViewController.m */,
			);
			name = UserView;
			sourceTree = "<group>";
		};
		62594B661BA1254700A07411 /* MyLogin */ = {
			isa = PBXGroup;
			children = (
				42E5370B1B738D8100A42C27 /* MyLoginViewController.h */,
				42E5370C1B738D8100A42C27 /* MyLoginViewController.m */,
			);
			name = MyLogin;
			sourceTree = "<group>";
		};
		62594B671BA1254D00A07411 /* MySignUp */ = {
			isa = PBXGroup;
			children = (
				42945BC51B7703E000450360 /* MySignUpViewController.h */,
				42945BC61B7703E000450360 /* MySignUpViewController.m */,
			);
			name = MySignUp;
			sourceTree = "<group>";
		};
		62594B681BA1255700A07411 /* MainTabBar */ = {
			isa = PBXGroup;
			children = (
				42023E2F1B703D2D00EF967E /* MainTabBarViewController.h */,
				42023E301B703D2D00EF967E /* MainTabBarViewController.m */,
			);
			name = MainTabBar;
			sourceTree = "<group>";
		};
		62594B691BA1256500A07411 /* ListView */ = {
			isa = PBXGroup;
			children = (
				42AE1FAC1B5B02DB00169DAF /* ListViewCell.xib */,
				42E8A6E41B5C225500B37429 /* ListViewTableViewCell.h */,
				42E8A6E51B5C225500B37429 /* ListViewTableViewCell.m */,
			);
			name = ListView;
			sourceTree = "<group>";
		};
		62594B6A1BA1256C00A07411 /* TableList */ = {
			isa = PBXGroup;
			children = (
				420172CB1B58645000019518 /* TableListViewController.h */,
				420172CC1B58645000019518 /* TableListViewController.m */,
			);
			name = TableList;
			sourceTree = "<group>";
		};
		62594B6B1BA1257300A07411 /* MapAndListContainer */ = {
			isa = PBXGroup;
			children = (
				420172C81B5850AC00019518 /* MapAndListContainerViewController.h */,
				420172C91B5850AC00019518 /* MapAndListContainerViewController.m */,
			);
			name = MapAndListContainer;
			sourceTree = "<group>";
		};
		62594B6C1BA1257F00A07411 /* LogIn */ = {
			isa = PBXGroup;
			children = (
				42E0F00E1B333D4B00DA42DF /* LogInViewController.h */,
				42E0F00F1B333D4B00DA42DF /* LogInViewController.m */,
			);
			name = LogIn;
			sourceTree = "<group>";
		};
		62594B6D1BA1258900A07411 /* MapView */ = {
			isa = PBXGroup;
			children = (
				42DF51781B308F2300CF0DE2 /* MapViewController.h */,
				42DF51791B308F2300CF0DE2 /* MapViewController.m */,
			);
			name = MapView;
			sourceTree = "<group>";
		};
		62594B6E1BA1258F00A07411 /* PlacesFromParse */ = {
			isa = PBXGroup;
			children = (
				420172CE1B5879D400019518 /* PlacesFromParse.h */,
				420172CF1B5879D400019518 /* PlacesFromParse.m */,
			);
			name = PlacesFromParse;
			sourceTree = "<group>";
		};
		62594B6F1BA1259F00A07411 /* ViewController */ = {
			isa = PBXGroup;
			children = (
				42B803941B41B44A00F281D4 /* ViewController.h */,
				42B803951B41B44A00F281D4 /* ViewController.m */,
			);
			name = ViewController;
			sourceTree = "<group>";
		};
		62594B701BA125A600A07411 /* PageContent */ = {
			isa = PBXGroup;
			children = (
				42B803971B41B4D800F281D4 /* PageContentViewController.h */,
				42B803981B41B4D800F281D4 /* PageContentViewController.m */,
			);
			name = PageContent;
			sourceTree = "<group>";
		};
/* End PBXGroup section */

/* Begin PBXNativeTarget section */
		499CEC8B1B2B36AC00DF341A /* waho */ = {
			isa = PBXNativeTarget;
			buildConfigurationList = 499CECAF1B2B36AC00DF341A /* Build configuration list for PBXNativeTarget "waho" */;
			buildPhases = (
				499CEC881B2B36AC00DF341A /* Sources */,
				499CEC891B2B36AC00DF341A /* Frameworks */,
				499CEC8A1B2B36AC00DF341A /* Resources */,
			);
			buildRules = (
			);
			dependencies = (
			);
			name = waho;
			productName = waho;
			productReference = 499CEC8C1B2B36AC00DF341A /* waho.app */;
			productType = "com.apple.product-type.application";
		};
		499CECA41B2B36AC00DF341A /* wahoTests */ = {
			isa = PBXNativeTarget;
			buildConfigurationList = 499CECB21B2B36AC00DF341A /* Build configuration list for PBXNativeTarget "wahoTests" */;
			buildPhases = (
				499CECA11B2B36AC00DF341A /* Sources */,
				499CECA21B2B36AC00DF341A /* Frameworks */,
				499CECA31B2B36AC00DF341A /* Resources */,
			);
			buildRules = (
			);
			dependencies = (
				499CECA71B2B36AC00DF341A /* PBXTargetDependency */,
			);
			name = wahoTests;
			productName = wahoTests;
			productReference = 499CECA51B2B36AC00DF341A /* wahoTests.xctest */;
			productType = "com.apple.product-type.bundle.unit-test";
		};
/* End PBXNativeTarget section */

/* Begin PBXProject section */
		499CEC841B2B36AC00DF341A /* Project object */ = {
			isa = PBXProject;
			attributes = {
				LastUpgradeCheck = 0630;
				ORGANIZATIONNAME = "Miguel Araújo";
				TargetAttributes = {
					499CEC8B1B2B36AC00DF341A = {
						CreatedOnToolsVersion = 6.3.2;
						DevelopmentTeam = EHBSXGFU8H;
					};
					499CECA41B2B36AC00DF341A = {
						CreatedOnToolsVersion = 6.3.2;
						TestTargetID = 499CEC8B1B2B36AC00DF341A;
					};
				};
			};
			buildConfigurationList = 499CEC871B2B36AC00DF341A /* Build configuration list for PBXProject "waho" */;
			compatibilityVersion = "Xcode 3.2";
			developmentRegion = English;
			hasScannedForEncodings = 0;
			knownRegions = (
				en,
				Base,
			);
			mainGroup = 499CEC831B2B36AC00DF341A;
			productRefGroup = 499CEC8D1B2B36AC00DF341A /* Products */;
			projectDirPath = "";
			projectRoot = "";
			targets = (
				499CEC8B1B2B36AC00DF341A /* waho */,
				499CECA41B2B36AC00DF341A /* wahoTests */,
			);
		};
/* End PBXProject section */

/* Begin PBXResourcesBuildPhase section */
		499CEC8A1B2B36AC00DF341A /* Resources */ = {
			isa = PBXResourcesBuildPhase;
			buildActionMask = 2147483647;
			files = (
				491F24E61B2B3876008CD3F2 /* README.md in Resources */,
				499CEC9B1B2B36AC00DF341A /* Main.storyboard in Resources */,
				42AE1FAD1B5B02DB00169DAF /* ListViewCell.xib in Resources */,
				42E73A7D1B388B94003E466C /* Comfortaa-Light.ttf in Resources */,
				42E73A7C1B388B94003E466C /* Comfortaa-Bold.ttf in Resources */,
				499CECA01B2B36AC00DF341A /* LaunchScreen.xib in Resources */,
				62DA9C0B1BAA6B28007F2EFA /* imagem2.png in Resources */,
				62DA9C0C1BAA6B28007F2EFA /* imagem3.png in Resources */,
				62DA9C0A1BAA6B28007F2EFA /* imagem.png in Resources */,
				42E73A7E1B388B94003E466C /* Comfortaa-Regular.ttf in Resources */,
				499CEC9D1B2B36AC00DF341A /* Images.xcassets in Resources */,
			);
			runOnlyForDeploymentPostprocessing = 0;
		};
		499CECA31B2B36AC00DF341A /* Resources */ = {
			isa = PBXResourcesBuildPhase;
			buildActionMask = 2147483647;
			files = (
			);
			runOnlyForDeploymentPostprocessing = 0;
		};
/* End PBXResourcesBuildPhase section */

/* Begin PBXSourcesBuildPhase section */
		499CEC881B2B36AC00DF341A /* Sources */ = {
			isa = PBXSourcesBuildPhase;
			buildActionMask = 2147483647;
			files = (
				42E537101B73978E00A42C27 /* UserViewController.m in Sources */,
				4223F62A1B41BF21003E0632 /* TabViewController.m in Sources */,
				420172CD1B58645000019518 /* TableListViewController.m in Sources */,
				42B803961B41B44A00F281D4 /* ViewController.m in Sources */,
				42E0F0101B333D4B00DA42DF /* LogInViewController.m in Sources */,
				42E5370D1B738D8100A42C27 /* MyLoginViewController.m in Sources */,
				499CEC951B2B36AC00DF341A /* AppDelegate.m in Sources */,
				B9A952291B2B776100485EC8 /* EstablishmentViewController.m in Sources */,
				499CEC921B2B36AC00DF341A /* main.m in Sources */,
				42023E311B703D2D00EF967E /* MainTabBarViewController.m in Sources */,
				42DF57AC1B6586CA00C2ABF6 /* iCarousel.m in Sources */,
				42DF517A1B308F2300CF0DE2 /* MapViewController.m in Sources */,
				420172D01B5879D400019518 /* PlacesFromParse.m in Sources */,
				62594B841BA3B24000A07411 /* MBProgressHUD.m in Sources */,
				42DF517D1B308F7900CF0DE2 /* MyCustomAnnotation.m in Sources */,
				4223F6271B41BE7C003E0632 /* TabBarViewController.m in Sources */,
				420172CA1B5850AC00019518 /* MapAndListContainerViewController.m in Sources */,
				42E8A6E61B5C225500B37429 /* ListViewTableViewCell.m in Sources */,
				42B803991B41B4D800F281D4 /* PageContentViewController.m in Sources */,
				42945BC71B7703E000450360 /* MySignUpViewController.m in Sources */,
				B9F4307B1B2F5EEC007CB828 /* SaveEstablishmentTableViewController.m in Sources */,
			);
			runOnlyForDeploymentPostprocessing = 0;
		};
		499CECA11B2B36AC00DF341A /* Sources */ = {
			isa = PBXSourcesBuildPhase;
			buildActionMask = 2147483647;
			files = (
				499CECAC1B2B36AC00DF341A /* wahoTests.m in Sources */,
			);
			runOnlyForDeploymentPostprocessing = 0;
		};
/* End PBXSourcesBuildPhase section */

/* Begin PBXTargetDependency section */
		499CECA71B2B36AC00DF341A /* PBXTargetDependency */ = {
			isa = PBXTargetDependency;
			target = 499CEC8B1B2B36AC00DF341A /* waho */;
			targetProxy = 499CECA61B2B36AC00DF341A /* PBXContainerItemProxy */;
		};
/* End PBXTargetDependency section */

/* Begin PBXVariantGroup section */
		499CEC991B2B36AC00DF341A /* Main.storyboard */ = {
			isa = PBXVariantGroup;
			children = (
				499CEC9A1B2B36AC00DF341A /* Base */,
			);
			name = Main.storyboard;
			sourceTree = "<group>";
		};
		499CEC9E1B2B36AC00DF341A /* LaunchScreen.xib */ = {
			isa = PBXVariantGroup;
			children = (
				499CEC9F1B2B36AC00DF341A /* Base */,
			);
			name = LaunchScreen.xib;
			sourceTree = "<group>";
		};
/* End PBXVariantGroup section */

/* Begin XCBuildConfiguration section */
		499CECAD1B2B36AC00DF341A /* Debug */ = {
			isa = XCBuildConfiguration;
			buildSettings = {
				ALWAYS_SEARCH_USER_PATHS = NO;
				CLANG_CXX_LANGUAGE_STANDARD = "gnu++0x";
				CLANG_CXX_LIBRARY = "libc++";
				CLANG_ENABLE_MODULES = YES;
				CLANG_ENABLE_OBJC_ARC = YES;
				CLANG_WARN_BOOL_CONVERSION = YES;
				CLANG_WARN_CONSTANT_CONVERSION = YES;
				CLANG_WARN_DIRECT_OBJC_ISA_USAGE = YES_ERROR;
				CLANG_WARN_EMPTY_BODY = YES;
				CLANG_WARN_ENUM_CONVERSION = YES;
				CLANG_WARN_INT_CONVERSION = YES;
				CLANG_WARN_OBJC_ROOT_CLASS = YES_ERROR;
				CLANG_WARN_UNREACHABLE_CODE = YES;
				CLANG_WARN__DUPLICATE_METHOD_MATCH = YES;
				"CODE_SIGN_IDENTITY[sdk=iphoneos*]" = "iPhone Developer";
				COPY_PHASE_STRIP = NO;
				DEBUG_INFORMATION_FORMAT = "dwarf-with-dsym";
				ENABLE_STRICT_OBJC_MSGSEND = YES;
				GCC_C_LANGUAGE_STANDARD = gnu99;
				GCC_DYNAMIC_NO_PIC = NO;
				GCC_NO_COMMON_BLOCKS = YES;
				GCC_OPTIMIZATION_LEVEL = 0;
				GCC_PREPROCESSOR_DEFINITIONS = (
					"DEBUG=1",
					"$(inherited)",
				);
				GCC_SYMBOLS_PRIVATE_EXTERN = NO;
				GCC_WARN_64_TO_32_BIT_CONVERSION = YES;
				GCC_WARN_ABOUT_RETURN_TYPE = YES_ERROR;
				GCC_WARN_UNDECLARED_SELECTOR = YES;
				GCC_WARN_UNINITIALIZED_AUTOS = YES_AGGRESSIVE;
				GCC_WARN_UNUSED_FUNCTION = YES;
				GCC_WARN_UNUSED_VARIABLE = YES;
				IPHONEOS_DEPLOYMENT_TARGET = 8.3;
				MTL_ENABLE_DEBUG_INFO = YES;
				ONLY_ACTIVE_ARCH = YES;
				SDKROOT = iphoneos;
			};
			name = Debug;
		};
		499CECAE1B2B36AC00DF341A /* Release */ = {
			isa = XCBuildConfiguration;
			buildSettings = {
				ALWAYS_SEARCH_USER_PATHS = NO;
				CLANG_CXX_LANGUAGE_STANDARD = "gnu++0x";
				CLANG_CXX_LIBRARY = "libc++";
				CLANG_ENABLE_MODULES = YES;
				CLANG_ENABLE_OBJC_ARC = YES;
				CLANG_WARN_BOOL_CONVERSION = YES;
				CLANG_WARN_CONSTANT_CONVERSION = YES;
				CLANG_WARN_DIRECT_OBJC_ISA_USAGE = YES_ERROR;
				CLANG_WARN_EMPTY_BODY = YES;
				CLANG_WARN_ENUM_CONVERSION = YES;
				CLANG_WARN_INT_CONVERSION = YES;
				CLANG_WARN_OBJC_ROOT_CLASS = YES_ERROR;
				CLANG_WARN_UNREACHABLE_CODE = YES;
				CLANG_WARN__DUPLICATE_METHOD_MATCH = YES;
				"CODE_SIGN_IDENTITY[sdk=iphoneos*]" = "iPhone Developer";
				COPY_PHASE_STRIP = NO;
				DEBUG_INFORMATION_FORMAT = "dwarf-with-dsym";
				ENABLE_NS_ASSERTIONS = NO;
				ENABLE_STRICT_OBJC_MSGSEND = YES;
				GCC_C_LANGUAGE_STANDARD = gnu99;
				GCC_NO_COMMON_BLOCKS = YES;
				GCC_WARN_64_TO_32_BIT_CONVERSION = YES;
				GCC_WARN_ABOUT_RETURN_TYPE = YES_ERROR;
				GCC_WARN_UNDECLARED_SELECTOR = YES;
				GCC_WARN_UNINITIALIZED_AUTOS = YES_AGGRESSIVE;
				GCC_WARN_UNUSED_FUNCTION = YES;
				GCC_WARN_UNUSED_VARIABLE = YES;
				IPHONEOS_DEPLOYMENT_TARGET = 8.3;
				MTL_ENABLE_DEBUG_INFO = NO;
				SDKROOT = iphoneos;
				VALIDATE_PRODUCT = YES;
			};
			name = Release;
		};
		499CECB01B2B36AC00DF341A /* Debug */ = {
			isa = XCBuildConfiguration;
			buildSettings = {
				ASSETCATALOG_COMPILER_APPICON_NAME = AppIcon;
				CODE_SIGN_IDENTITY = "iPhone Developer";
				"CODE_SIGN_IDENTITY[sdk=iphoneos*]" = "iPhone Developer";
				FRAMEWORK_SEARCH_PATHS = (
					"$(inherited)",
					"$(PROJECT_DIR)",
					"$(PROJECT_DIR)/Frameworks",
				);
				INFOPLIST_FILE = waho/Info.plist;
				IPHONEOS_DEPLOYMENT_TARGET = 8.4;
				LD_RUNPATH_SEARCH_PATHS = "$(inherited) @executable_path/Frameworks";
				OTHER_LDFLAGS = "";
				PRODUCT_NAME = "$(TARGET_NAME)";
				PROVISIONING_PROFILE = "";
			};
			name = Debug;
		};
		499CECB11B2B36AC00DF341A /* Release */ = {
			isa = XCBuildConfiguration;
			buildSettings = {
				ASSETCATALOG_COMPILER_APPICON_NAME = AppIcon;
				CODE_SIGN_IDENTITY = "iPhone Developer";
				"CODE_SIGN_IDENTITY[sdk=iphoneos*]" = "iPhone Developer";
				FRAMEWORK_SEARCH_PATHS = (
					"$(inherited)",
					"$(PROJECT_DIR)",
					"$(PROJECT_DIR)/Frameworks",
				);
				INFOPLIST_FILE = waho/Info.plist;
				IPHONEOS_DEPLOYMENT_TARGET = 8.4;
				LD_RUNPATH_SEARCH_PATHS = "$(inherited) @executable_path/Frameworks";
				OTHER_LDFLAGS = "";
				PRODUCT_NAME = "$(TARGET_NAME)";
				PROVISIONING_PROFILE = "";
			};
			name = Release;
		};
		499CECB31B2B36AC00DF341A /* Debug */ = {
			isa = XCBuildConfiguration;
			buildSettings = {
				BUNDLE_LOADER = "$(TEST_HOST)";
				FRAMEWORK_SEARCH_PATHS = (
					"$(SDKROOT)/Developer/Library/Frameworks",
					"$(inherited)",
				);
				GCC_PREPROCESSOR_DEFINITIONS = (
					"DEBUG=1",
					"$(inherited)",
				);
				INFOPLIST_FILE = wahoTests/Info.plist;
				LD_RUNPATH_SEARCH_PATHS = "$(inherited) @executable_path/Frameworks @loader_path/Frameworks";
				PRODUCT_NAME = "$(TARGET_NAME)";
				TEST_HOST = "$(BUILT_PRODUCTS_DIR)/waho.app/waho";
			};
			name = Debug;
		};
		499CECB41B2B36AC00DF341A /* Release */ = {
			isa = XCBuildConfiguration;
			buildSettings = {
				BUNDLE_LOADER = "$(TEST_HOST)";
				FRAMEWORK_SEARCH_PATHS = (
					"$(SDKROOT)/Developer/Library/Frameworks",
					"$(inherited)",
				);
				INFOPLIST_FILE = wahoTests/Info.plist;
				LD_RUNPATH_SEARCH_PATHS = "$(inherited) @executable_path/Frameworks @loader_path/Frameworks";
				PRODUCT_NAME = "$(TARGET_NAME)";
				TEST_HOST = "$(BUILT_PRODUCTS_DIR)/waho.app/waho";
			};
			name = Release;
		};
/* End XCBuildConfiguration section */

/* Begin XCConfigurationList section */
		499CEC871B2B36AC00DF341A /* Build configuration list for PBXProject "waho" */ = {
			isa = XCConfigurationList;
			buildConfigurations = (
				499CECAD1B2B36AC00DF341A /* Debug */,
				499CECAE1B2B36AC00DF341A /* Release */,
			);
			defaultConfigurationIsVisible = 0;
			defaultConfigurationName = Release;
		};
		499CECAF1B2B36AC00DF341A /* Build configuration list for PBXNativeTarget "waho" */ = {
			isa = XCConfigurationList;
			buildConfigurations = (
				499CECB01B2B36AC00DF341A /* Debug */,
				499CECB11B2B36AC00DF341A /* Release */,
			);
			defaultConfigurationIsVisible = 0;
			defaultConfigurationName = Release;
		};
		499CECB21B2B36AC00DF341A /* Build configuration list for PBXNativeTarget "wahoTests" */ = {
			isa = XCConfigurationList;
			buildConfigurations = (
				499CECB31B2B36AC00DF341A /* Debug */,
				499CECB41B2B36AC00DF341A /* Release */,
			);
			defaultConfigurationIsVisible = 0;
			defaultConfigurationName = Release;
		};
/* End XCConfigurationList section */
	};
	rootObject = 499CEC841B2B36AC00DF341A /* Project object */;
}
