// !$*UTF8*$!
{
	archiveVersion = 1;
	classes = {
	};
	objectVersion = 46;
	objects = {

/* Begin PBXBuildFile section */
		42E4C5711B2E4A3D002F79E2 /* Bolts.framework in Frameworks */ = {isa = PBXBuildFile; fileRef = 42E4C56B1B2E4A3D002F79E2 /* Bolts.framework */; };
		42E4C5721B2E4A3D002F79E2 /* Parse.framework in Frameworks */ = {isa = PBXBuildFile; fileRef = 42E4C56C1B2E4A3D002F79E2 /* Parse.framework */; };
		42E4C5731B2E4A3D002F79E2 /* ParseCrashReporting.framework in Frameworks */ = {isa = PBXBuildFile; fileRef = 42E4C56D1B2E4A3D002F79E2 /* ParseCrashReporting.framework */; };
		42E4C5741B2E4A3D002F79E2 /* ParseFacebookUtils.framework in Frameworks */ = {isa = PBXBuildFile; fileRef = 42E4C56E1B2E4A3D002F79E2 /* ParseFacebookUtils.framework */; };
		42E4C5751B2E4A3D002F79E2 /* ParseFacebookUtilsV4.framework in Frameworks */ = {isa = PBXBuildFile; fileRef = 42E4C56F1B2E4A3D002F79E2 /* ParseFacebookUtilsV4.framework */; };
		42E4C5761B2E4A3D002F79E2 /* ParseUI.framework in Frameworks */ = {isa = PBXBuildFile; fileRef = 42E4C5701B2E4A3D002F79E2 /* ParseUI.framework */; };
		42E4C5781B2E4A64002F79E2 /* AudioToolbox.framework in Frameworks */ = {isa = PBXBuildFile; fileRef = 42E4C5771B2E4A64002F79E2 /* AudioToolbox.framework */; };
		42E4C57A1B2E4A6C002F79E2 /* CFNetwork.framework in Frameworks */ = {isa = PBXBuildFile; fileRef = 42E4C5791B2E4A6C002F79E2 /* CFNetwork.framework */; };
		42E4C57C1B2E4A74002F79E2 /* CoreGraphics.framework in Frameworks */ = {isa = PBXBuildFile; fileRef = 42E4C57B1B2E4A74002F79E2 /* CoreGraphics.framework */; };
		42E4C57E1B2E4A87002F79E2 /* MobileCoreServices.framework in Frameworks */ = {isa = PBXBuildFile; fileRef = 42E4C57D1B2E4A87002F79E2 /* MobileCoreServices.framework */; };
		42E4C5801B2E4A90002F79E2 /* QuartzCore.framework in Frameworks */ = {isa = PBXBuildFile; fileRef = 42E4C57F1B2E4A90002F79E2 /* QuartzCore.framework */; };
		42E4C5821B2E4A98002F79E2 /* Security.framework in Frameworks */ = {isa = PBXBuildFile; fileRef = 42E4C5811B2E4A98002F79E2 /* Security.framework */; };
		42E4C5841B2E4AA2002F79E2 /* StoreKit.framework in Frameworks */ = {isa = PBXBuildFile; fileRef = 42E4C5831B2E4AA2002F79E2 /* StoreKit.framework */; };
		42E4C5861B2E4AB6002F79E2 /* SystemConfiguration.framework in Frameworks */ = {isa = PBXBuildFile; fileRef = 42E4C5851B2E4AB6002F79E2 /* SystemConfiguration.framework */; };
		42E4C5881B2E4ACB002F79E2 /* libz.dylib in Frameworks */ = {isa = PBXBuildFile; fileRef = 42E4C5871B2E4ACB002F79E2 /* libz.dylib */; };
		42E4C58A1B2E4AD4002F79E2 /* libsqlite3.dylib in Frameworks */ = {isa = PBXBuildFile; fileRef = 42E4C5891B2E4AD4002F79E2 /* libsqlite3.dylib */; };
		491F24E61B2B3876008CD3F2 /* README.md in Resources */ = {isa = PBXBuildFile; fileRef = 491F24E51B2B3876008CD3F2 /* README.md */; };
		49543A861B2B6109005E9164 /* PageContentViewController.m in Sources */ = {isa = PBXBuildFile; fileRef = 49543A831B2B6109005E9164 /* PageContentViewController.m */; };
		49543A871B2B6109005E9164 /* WelcomeFlowController.m in Sources */ = {isa = PBXBuildFile; fileRef = 49543A851B2B6109005E9164 /* WelcomeFlowController.m */; };
		49543A891B2B68C0005E9164 /* MapKit.framework in Frameworks */ = {isa = PBXBuildFile; fileRef = 49543A881B2B68C0005E9164 /* MapKit.framework */; };
		49543A8B1B2B68C5005E9164 /* CoreLocation.framework in Frameworks */ = {isa = PBXBuildFile; fileRef = 49543A8A1B2B68C5005E9164 /* CoreLocation.framework */; };
		49543A8E1B2B68E4005E9164 /* UIKit.framework in Frameworks */ = {isa = PBXBuildFile; fileRef = 49543A8D1B2B68E4005E9164 /* UIKit.framework */; };
		499CEC921B2B36AC00DF341A /* main.m in Sources */ = {isa = PBXBuildFile; fileRef = 499CEC911B2B36AC00DF341A /* main.m */; };
		499CEC951B2B36AC00DF341A /* AppDelegate.m in Sources */ = {isa = PBXBuildFile; fileRef = 499CEC941B2B36AC00DF341A /* AppDelegate.m */; };
		499CEC9B1B2B36AC00DF341A /* Main.storyboard in Resources */ = {isa = PBXBuildFile; fileRef = 499CEC991B2B36AC00DF341A /* Main.storyboard */; };
		499CEC9D1B2B36AC00DF341A /* Images.xcassets in Resources */ = {isa = PBXBuildFile; fileRef = 499CEC9C1B2B36AC00DF341A /* Images.xcassets */; };
		499CECA01B2B36AC00DF341A /* LaunchScreen.xib in Resources */ = {isa = PBXBuildFile; fileRef = 499CEC9E1B2B36AC00DF341A /* LaunchScreen.xib */; };
		499CECAC1B2B36AC00DF341A /* wahoTests.m in Sources */ = {isa = PBXBuildFile; fileRef = 499CECAB1B2B36AC00DF341A /* wahoTests.m */; };
/* End PBXBuildFile section */

/* Begin PBXContainerItemProxy section */
		499CECA61B2B36AC00DF341A /* PBXContainerItemProxy */ = {
			isa = PBXContainerItemProxy;
			containerPortal = 499CEC841B2B36AC00DF341A /* Project object */;
			proxyType = 1;
			remoteGlobalIDString = 499CEC8B1B2B36AC00DF341A;
			remoteInfo = waho;
		};
/* End PBXContainerItemProxy section */

/* Begin PBXFileReference section */
		42E4C56B1B2E4A3D002F79E2 /* Bolts.framework */ = {isa = PBXFileReference; lastKnownFileType = wrapper.framework; path = Bolts.framework; sourceTree = "<group>"; };
		42E4C56C1B2E4A3D002F79E2 /* Parse.framework */ = {isa = PBXFileReference; lastKnownFileType = wrapper.framework; path = Parse.framework; sourceTree = "<group>"; };
		42E4C56D1B2E4A3D002F79E2 /* ParseCrashReporting.framework */ = {isa = PBXFileReference; lastKnownFileType = wrapper.framework; path = ParseCrashReporting.framework; sourceTree = "<group>"; };
		42E4C56E1B2E4A3D002F79E2 /* ParseFacebookUtils.framework */ = {isa = PBXFileReference; lastKnownFileType = wrapper.framework; path = ParseFacebookUtils.framework; sourceTree = "<group>"; };
		42E4C56F1B2E4A3D002F79E2 /* ParseFacebookUtilsV4.framework */ = {isa = PBXFileReference; lastKnownFileType = wrapper.framework; path = ParseFacebookUtilsV4.framework; sourceTree = "<group>"; };
		42E4C5701B2E4A3D002F79E2 /* ParseUI.framework */ = {isa = PBXFileReference; lastKnownFileType = wrapper.framework; path = ParseUI.framework; sourceTree = "<group>"; };
		42E4C5771B2E4A64002F79E2 /* AudioToolbox.framework */ = {isa = PBXFileReference; lastKnownFileType = wrapper.framework; name = AudioToolbox.framework; path = System/Library/Frameworks/AudioToolbox.framework; sourceTree = SDKROOT; };
		42E4C5791B2E4A6C002F79E2 /* CFNetwork.framework */ = {isa = PBXFileReference; lastKnownFileType = wrapper.framework; name = CFNetwork.framework; path = System/Library/Frameworks/CFNetwork.framework; sourceTree = SDKROOT; };
		42E4C57B1B2E4A74002F79E2 /* CoreGraphics.framework */ = {isa = PBXFileReference; lastKnownFileType = wrapper.framework; name = CoreGraphics.framework; path = System/Library/Frameworks/CoreGraphics.framework; sourceTree = SDKROOT; };
		42E4C57D1B2E4A87002F79E2 /* MobileCoreServices.framework */ = {isa = PBXFileReference; lastKnownFileType = wrapper.framework; name = MobileCoreServices.framework; path = System/Library/Frameworks/MobileCoreServices.framework; sourceTree = SDKROOT; };
		42E4C57F1B2E4A90002F79E2 /* QuartzCore.framework */ = {isa = PBXFileReference; lastKnownFileType = wrapper.framework; name = QuartzCore.framework; path = System/Library/Frameworks/QuartzCore.framework; sourceTree = SDKROOT; };
		42E4C5811B2E4A98002F79E2 /* Security.framework */ = {isa = PBXFileReference; lastKnownFileType = wrapper.framework; name = Security.framework; path = System/Library/Frameworks/Security.framework; sourceTree = SDKROOT; };
		42E4C5831B2E4AA2002F79E2 /* StoreKit.framework */ = {isa = PBXFileReference; lastKnownFileType = wrapper.framework; name = StoreKit.framework; path = System/Library/Frameworks/StoreKit.framework; sourceTree = SDKROOT; };
		42E4C5851B2E4AB6002F79E2 /* SystemConfiguration.framework */ = {isa = PBXFileReference; lastKnownFileType = wrapper.framework; name = SystemConfiguration.framework; path = System/Library/Frameworks/SystemConfiguration.framework; sourceTree = SDKROOT; };
		42E4C5871B2E4ACB002F79E2 /* libz.dylib */ = {isa = PBXFileReference; lastKnownFileType = "compiled.mach-o.dylib"; name = libz.dylib; path = usr/lib/libz.dylib; sourceTree = SDKROOT; };
		42E4C5891B2E4AD4002F79E2 /* libsqlite3.dylib */ = {isa = PBXFileReference; lastKnownFileType = "compiled.mach-o.dylib"; name = libsqlite3.dylib; path = usr/lib/libsqlite3.dylib; sourceTree = SDKROOT; };
		491F24E51B2B3876008CD3F2 /* README.md */ = {isa = PBXFileReference; fileEncoding = 4; lastKnownFileType = net.daringfireball.markdown; path = README.md; sourceTree = "<group>"; };
		49543A821B2B6109005E9164 /* PageContentViewController.h */ = {isa = PBXFileReference; fileEncoding = 4; lastKnownFileType = sourcecode.c.h; path = PageContentViewController.h; sourceTree = "<group>"; };
		49543A831B2B6109005E9164 /* PageContentViewController.m */ = {isa = PBXFileReference; fileEncoding = 4; lastKnownFileType = sourcecode.c.objc; path = PageContentViewController.m; sourceTree = "<group>"; };
		49543A841B2B6109005E9164 /* WelcomeFlowController.h */ = {isa = PBXFileReference; fileEncoding = 4; lastKnownFileType = sourcecode.c.h; path = WelcomeFlowController.h; sourceTree = "<group>"; };
		49543A851B2B6109005E9164 /* WelcomeFlowController.m */ = {isa = PBXFileReference; fileEncoding = 4; lastKnownFileType = sourcecode.c.objc; path = WelcomeFlowController.m; sourceTree = "<group>"; };
		49543A881B2B68C0005E9164 /* MapKit.framework */ = {isa = PBXFileReference; lastKnownFileType = wrapper.framework; name = MapKit.framework; path = System/Library/Frameworks/MapKit.framework; sourceTree = SDKROOT; };
		49543A8A1B2B68C5005E9164 /* CoreLocation.framework */ = {isa = PBXFileReference; lastKnownFileType = wrapper.framework; name = CoreLocation.framework; path = System/Library/Frameworks/CoreLocation.framework; sourceTree = SDKROOT; };
		49543A8D1B2B68E4005E9164 /* UIKit.framework */ = {isa = PBXFileReference; lastKnownFileType = wrapper.framework; name = UIKit.framework; path = System/Library/Frameworks/UIKit.framework; sourceTree = SDKROOT; };
		499CEC8C1B2B36AC00DF341A /* waho.app */ = {isa = PBXFileReference; explicitFileType = wrapper.application; includeInIndex = 0; path = waho.app; sourceTree = BUILT_PRODUCTS_DIR; };
		499CEC901B2B36AC00DF341A /* Info.plist */ = {isa = PBXFileReference; lastKnownFileType = text.plist.xml; path = Info.plist; sourceTree = "<group>"; };
		499CEC911B2B36AC00DF341A /* main.m */ = {isa = PBXFileReference; lastKnownFileType = sourcecode.c.objc; path = main.m; sourceTree = "<group>"; };
		499CEC931B2B36AC00DF341A /* AppDelegate.h */ = {isa = PBXFileReference; lastKnownFileType = sourcecode.c.h; path = AppDelegate.h; sourceTree = "<group>"; };
		499CEC941B2B36AC00DF341A /* AppDelegate.m */ = {isa = PBXFileReference; lastKnownFileType = sourcecode.c.objc; path = AppDelegate.m; sourceTree = "<group>"; };
		499CEC9A1B2B36AC00DF341A /* Base */ = {isa = PBXFileReference; lastKnownFileType = file.storyboard; name = Base; path = Base.lproj/Main.storyboard; sourceTree = "<group>"; };
		499CEC9C1B2B36AC00DF341A /* Images.xcassets */ = {isa = PBXFileReference; lastKnownFileType = folder.assetcatalog; path = Images.xcassets; sourceTree = "<group>"; };
		499CEC9F1B2B36AC00DF341A /* Base */ = {isa = PBXFileReference; lastKnownFileType = file.xib; name = Base; path = Base.lproj/LaunchScreen.xib; sourceTree = "<group>"; };
		499CECA51B2B36AC00DF341A /* wahoTests.xctest */ = {isa = PBXFileReference; explicitFileType = wrapper.cfbundle; includeInIndex = 0; path = wahoTests.xctest; sourceTree = BUILT_PRODUCTS_DIR; };
		499CECAA1B2B36AC00DF341A /* Info.plist */ = {isa = PBXFileReference; lastKnownFileType = text.plist.xml; path = Info.plist; sourceTree = "<group>"; };
		499CECAB1B2B36AC00DF341A /* wahoTests.m */ = {isa = PBXFileReference; lastKnownFileType = sourcecode.c.objc; path = wahoTests.m; sourceTree = "<group>"; };
/* End PBXFileReference section */

/* Begin PBXFrameworksBuildPhase section */
		499CEC891B2B36AC00DF341A /* Frameworks */ = {
			isa = PBXFrameworksBuildPhase;
			buildActionMask = 2147483647;
			files = (
				42E4C58A1B2E4AD4002F79E2 /* libsqlite3.dylib in Frameworks */,
				42E4C5881B2E4ACB002F79E2 /* libz.dylib in Frameworks */,
				42E4C5861B2E4AB6002F79E2 /* SystemConfiguration.framework in Frameworks */,
				42E4C5841B2E4AA2002F79E2 /* StoreKit.framework in Frameworks */,
				42E4C5821B2E4A98002F79E2 /* Security.framework in Frameworks */,
				42E4C5801B2E4A90002F79E2 /* QuartzCore.framework in Frameworks */,
				42E4C57E1B2E4A87002F79E2 /* MobileCoreServices.framework in Frameworks */,
				49543A8B1B2B68C5005E9164 /* CoreLocation.framework in Frameworks */,
				42E4C57C1B2E4A74002F79E2 /* CoreGraphics.framework in Frameworks */,
				42E4C57A1B2E4A6C002F79E2 /* CFNetwork.framework in Frameworks */,
				42E4C5781B2E4A64002F79E2 /* AudioToolbox.framework in Frameworks */,
				42E4C5761B2E4A3D002F79E2 /* ParseUI.framework in Frameworks */,
				42E4C5741B2E4A3D002F79E2 /* ParseFacebookUtils.framework in Frameworks */,
				49543A8E1B2B68E4005E9164 /* UIKit.framework in Frameworks */,
				42E4C5751B2E4A3D002F79E2 /* ParseFacebookUtilsV4.framework in Frameworks */,
				42E4C5731B2E4A3D002F79E2 /* ParseCrashReporting.framework in Frameworks */,
				49543A891B2B68C0005E9164 /* MapKit.framework in Frameworks */,
				42E4C5711B2E4A3D002F79E2 /* Bolts.framework in Frameworks */,
				42E4C5721B2E4A3D002F79E2 /* Parse.framework in Frameworks */,
			);
			runOnlyForDeploymentPostprocessing = 0;
		};
		499CECA21B2B36AC00DF341A /* Frameworks */ = {
			isa = PBXFrameworksBuildPhase;
			buildActionMask = 2147483647;
			files = (
			);
			runOnlyForDeploymentPostprocessing = 0;
		};
/* End PBXFrameworksBuildPhase section */

/* Begin PBXGroup section */
		42E4C56A1B2E4A3D002F79E2 /* parse-library-1.7.4 */ = {
			isa = PBXGroup;
			children = (
				42E4C56B1B2E4A3D002F79E2 /* Bolts.framework */,
				42E4C56C1B2E4A3D002F79E2 /* Parse.framework */,
				42E4C56D1B2E4A3D002F79E2 /* ParseCrashReporting.framework */,
				42E4C56E1B2E4A3D002F79E2 /* ParseFacebookUtils.framework */,
				42E4C56F1B2E4A3D002F79E2 /* ParseFacebookUtilsV4.framework */,
				42E4C5701B2E4A3D002F79E2 /* ParseUI.framework */,
			);
			name = "parse-library-1.7.4";
			path = "../../../Downloads/parse-library-1.7.4";
			sourceTree = "<group>";
		};
		49543A8C1B2B68DB005E9164 /* Frameworks */ = {
			isa = PBXGroup;
			children = (
				42E4C5891B2E4AD4002F79E2 /* libsqlite3.dylib */,
				42E4C5871B2E4ACB002F79E2 /* libz.dylib */,
				42E4C5851B2E4AB6002F79E2 /* SystemConfiguration.framework */,
				42E4C5831B2E4AA2002F79E2 /* StoreKit.framework */,
				42E4C5811B2E4A98002F79E2 /* Security.framework */,
				42E4C57F1B2E4A90002F79E2 /* QuartzCore.framework */,
				42E4C57D1B2E4A87002F79E2 /* MobileCoreServices.framework */,
				42E4C57B1B2E4A74002F79E2 /* CoreGraphics.framework */,
				42E4C5791B2E4A6C002F79E2 /* CFNetwork.framework */,
				42E4C5771B2E4A64002F79E2 /* AudioToolbox.framework */,
				42E4C56A1B2E4A3D002F79E2 /* parse-library-1.7.4 */,
				49543A8A1B2B68C5005E9164 /* CoreLocation.framework */,
				49543A881B2B68C0005E9164 /* MapKit.framework */,
				49543A8D1B2B68E4005E9164 /* UIKit.framework */,
			);
			name = Frameworks;
			sourceTree = "<group>";
		};
		499CEC831B2B36AC00DF341A = {
			isa = PBXGroup;
			children = (
				491F24E51B2B3876008CD3F2 /* README.md */,
				49543A8C1B2B68DB005E9164 /* Frameworks */,
				499CEC8E1B2B36AC00DF341A /* waho */,
				499CECA81B2B36AC00DF341A /* wahoTests */,
				499CEC8D1B2B36AC00DF341A /* Products */,
			);
			sourceTree = "<group>";
		};
		499CEC8D1B2B36AC00DF341A /* Products */ = {
			isa = PBXGroup;
			children = (
				499CEC8C1B2B36AC00DF341A /* waho.app */,
				499CECA51B2B36AC00DF341A /* wahoTests.xctest */,
			);
			name = Products;
			sourceTree = "<group>";
		};
		499CEC8E1B2B36AC00DF341A /* waho */ = {
			isa = PBXGroup;
			children = (
				499CEC931B2B36AC00DF341A /* AppDelegate.h */,
				499CEC941B2B36AC00DF341A /* AppDelegate.m */,
				499CEC991B2B36AC00DF341A /* Main.storyboard */,
				499CEC9C1B2B36AC00DF341A /* Images.xcassets */,
				499CEC9E1B2B36AC00DF341A /* LaunchScreen.xib */,
				499CEC8F1B2B36AC00DF341A /* Supporting Files */,
				49543A821B2B6109005E9164 /* PageContentViewController.h */,
				49543A831B2B6109005E9164 /* PageContentViewController.m */,
				49543A841B2B6109005E9164 /* WelcomeFlowController.h */,
				49543A851B2B6109005E9164 /* WelcomeFlowController.m */,
			);
			path = waho;
			sourceTree = "<group>";
		};
		499CEC8F1B2B36AC00DF341A /* Supporting Files */ = {
			isa = PBXGroup;
			children = (
				499CEC901B2B36AC00DF341A /* Info.plist */,
				499CEC911B2B36AC00DF341A /* main.m */,
			);
			name = "Supporting Files";
			sourceTree = "<group>";
		};
		499CECA81B2B36AC00DF341A /* wahoTests */ = {
			isa = PBXGroup;
			children = (
				499CECAB1B2B36AC00DF341A /* wahoTests.m */,
				499CECA91B2B36AC00DF341A /* Supporting Files */,
			);
			path = wahoTests;
			sourceTree = "<group>";
		};
		499CECA91B2B36AC00DF341A /* Supporting Files */ = {
			isa = PBXGroup;
			children = (
				499CECAA1B2B36AC00DF341A /* Info.plist */,
			);
			name = "Supporting Files";
			sourceTree = "<group>";
		};
/* End PBXGroup section */

/* Begin PBXNativeTarget section */
		499CEC8B1B2B36AC00DF341A /* waho */ = {
			isa = PBXNativeTarget;
			buildConfigurationList = 499CECAF1B2B36AC00DF341A /* Build configuration list for PBXNativeTarget "waho" */;
			buildPhases = (
				499CEC881B2B36AC00DF341A /* Sources */,
				499CEC891B2B36AC00DF341A /* Frameworks */,
				499CEC8A1B2B36AC00DF341A /* Resources */,
			);
			buildRules = (
			);
			dependencies = (
			);
			name = waho;
			productName = waho;
			productReference = 499CEC8C1B2B36AC00DF341A /* waho.app */;
			productType = "com.apple.product-type.application";
		};
		499CECA41B2B36AC00DF341A /* wahoTests */ = {
			isa = PBXNativeTarget;
			buildConfigurationList = 499CECB21B2B36AC00DF341A /* Build configuration list for PBXNativeTarget "wahoTests" */;
			buildPhases = (
				499CECA11B2B36AC00DF341A /* Sources */,
				499CECA21B2B36AC00DF341A /* Frameworks */,
				499CECA31B2B36AC00DF341A /* Resources */,
			);
			buildRules = (
			);
			dependencies = (
				499CECA71B2B36AC00DF341A /* PBXTargetDependency */,
			);
			name = wahoTests;
			productName = wahoTests;
			productReference = 499CECA51B2B36AC00DF341A /* wahoTests.xctest */;
			productType = "com.apple.product-type.bundle.unit-test";
		};
/* End PBXNativeTarget section */

/* Begin PBXProject section */
		499CEC841B2B36AC00DF341A /* Project object */ = {
			isa = PBXProject;
			attributes = {
				LastUpgradeCheck = 0630;
				ORGANIZATIONNAME = "Miguel Araújo";
				TargetAttributes = {
					499CEC8B1B2B36AC00DF341A = {
						CreatedOnToolsVersion = 6.3.2;
						DevelopmentTeam = P6BZVZZ56C;
					};
					499CECA41B2B36AC00DF341A = {
						CreatedOnToolsVersion = 6.3.2;
						TestTargetID = 499CEC8B1B2B36AC00DF341A;
					};
				};
			};
			buildConfigurationList = 499CEC871B2B36AC00DF341A /* Build configuration list for PBXProject "waho" */;
			compatibilityVersion = "Xcode 3.2";
			developmentRegion = English;
			hasScannedForEncodings = 0;
			knownRegions = (
				en,
				Base,
			);
			mainGroup = 499CEC831B2B36AC00DF341A;
			productRefGroup = 499CEC8D1B2B36AC00DF341A /* Products */;
			projectDirPath = "";
			projectRoot = "";
			targets = (
				499CEC8B1B2B36AC00DF341A /* waho */,
				499CECA41B2B36AC00DF341A /* wahoTests */,
			);
		};
/* End PBXProject section */

/* Begin PBXResourcesBuildPhase section */
		499CEC8A1B2B36AC00DF341A /* Resources */ = {
			isa = PBXResourcesBuildPhase;
			buildActionMask = 2147483647;
			files = (
				491F24E61B2B3876008CD3F2 /* README.md in Resources */,
				499CEC9B1B2B36AC00DF341A /* Main.storyboard in Resources */,
				499CECA01B2B36AC00DF341A /* LaunchScreen.xib in Resources */,
				499CEC9D1B2B36AC00DF341A /* Images.xcassets in Resources */,
			);
			runOnlyForDeploymentPostprocessing = 0;
		};
		499CECA31B2B36AC00DF341A /* Resources */ = {
			isa = PBXResourcesBuildPhase;
			buildActionMask = 2147483647;
			files = (
			);
			runOnlyForDeploymentPostprocessing = 0;
		};
/* End PBXResourcesBuildPhase section */

/* Begin PBXSourcesBuildPhase section */
		499CEC881B2B36AC00DF341A /* Sources */ = {
			isa = PBXSourcesBuildPhase;
			buildActionMask = 2147483647;
			files = (
				499CEC951B2B36AC00DF341A /* AppDelegate.m in Sources */,
				49543A861B2B6109005E9164 /* PageContentViewController.m in Sources */,
				49543A871B2B6109005E9164 /* WelcomeFlowController.m in Sources */,
				499CEC921B2B36AC00DF341A /* main.m in Sources */,
			);
			runOnlyForDeploymentPostprocessing = 0;
		};
		499CECA11B2B36AC00DF341A /* Sources */ = {
			isa = PBXSourcesBuildPhase;
			buildActionMask = 2147483647;
			files = (
				499CECAC1B2B36AC00DF341A /* wahoTests.m in Sources */,
			);
			runOnlyForDeploymentPostprocessing = 0;
		};
/* End PBXSourcesBuildPhase section */

/* Begin PBXTargetDependency section */
		499CECA71B2B36AC00DF341A /* PBXTargetDependency */ = {
			isa = PBXTargetDependency;
			target = 499CEC8B1B2B36AC00DF341A /* waho */;
			targetProxy = 499CECA61B2B36AC00DF341A /* PBXContainerItemProxy */;
		};
/* End PBXTargetDependency section */

/* Begin PBXVariantGroup section */
		499CEC991B2B36AC00DF341A /* Main.storyboard */ = {
			isa = PBXVariantGroup;
			children = (
				499CEC9A1B2B36AC00DF341A /* Base */,
			);
			name = Main.storyboard;
			sourceTree = "<group>";
		};
		499CEC9E1B2B36AC00DF341A /* LaunchScreen.xib */ = {
			isa = PBXVariantGroup;
			children = (
				499CEC9F1B2B36AC00DF341A /* Base */,
			);
			name = LaunchScreen.xib;
			sourceTree = "<group>";
		};
/* End PBXVariantGroup section */

/* Begin XCBuildConfiguration section */
		499CECAD1B2B36AC00DF341A /* Debug */ = {
			isa = XCBuildConfiguration;
			buildSettings = {
				ALWAYS_SEARCH_USER_PATHS = NO;
				CLANG_CXX_LANGUAGE_STANDARD = "gnu++0x";
				CLANG_CXX_LIBRARY = "libc++";
				CLANG_ENABLE_MODULES = YES;
				CLANG_ENABLE_OBJC_ARC = YES;
				CLANG_WARN_BOOL_CONVERSION = YES;
				CLANG_WARN_CONSTANT_CONVERSION = YES;
				CLANG_WARN_DIRECT_OBJC_ISA_USAGE = YES_ERROR;
				CLANG_WARN_EMPTY_BODY = YES;
				CLANG_WARN_ENUM_CONVERSION = YES;
				CLANG_WARN_INT_CONVERSION = YES;
				CLANG_WARN_OBJC_ROOT_CLASS = YES_ERROR;
				CLANG_WARN_UNREACHABLE_CODE = YES;
				CLANG_WARN__DUPLICATE_METHOD_MATCH = YES;
				"CODE_SIGN_IDENTITY[sdk=iphoneos*]" = "iPhone Developer";
				COPY_PHASE_STRIP = NO;
				DEBUG_INFORMATION_FORMAT = "dwarf-with-dsym";
				ENABLE_STRICT_OBJC_MSGSEND = YES;
				GCC_C_LANGUAGE_STANDARD = gnu99;
				GCC_DYNAMIC_NO_PIC = NO;
				GCC_NO_COMMON_BLOCKS = YES;
				GCC_OPTIMIZATION_LEVEL = 0;
				GCC_PREPROCESSOR_DEFINITIONS = (
					"DEBUG=1",
					"$(inherited)",
				);
				GCC_SYMBOLS_PRIVATE_EXTERN = NO;
				GCC_WARN_64_TO_32_BIT_CONVERSION = YES;
				GCC_WARN_ABOUT_RETURN_TYPE = YES_ERROR;
				GCC_WARN_UNDECLARED_SELECTOR = YES;
				GCC_WARN_UNINITIALIZED_AUTOS = YES_AGGRESSIVE;
				GCC_WARN_UNUSED_FUNCTION = YES;
				GCC_WARN_UNUSED_VARIABLE = YES;
				IPHONEOS_DEPLOYMENT_TARGET = 8.3;
				MTL_ENABLE_DEBUG_INFO = YES;
				ONLY_ACTIVE_ARCH = YES;
				SDKROOT = iphoneos;
			};
			name = Debug;
		};
		499CECAE1B2B36AC00DF341A /* Release */ = {
			isa = XCBuildConfiguration;
			buildSettings = {
				ALWAYS_SEARCH_USER_PATHS = NO;
				CLANG_CXX_LANGUAGE_STANDARD = "gnu++0x";
				CLANG_CXX_LIBRARY = "libc++";
				CLANG_ENABLE_MODULES = YES;
				CLANG_ENABLE_OBJC_ARC = YES;
				CLANG_WARN_BOOL_CONVERSION = YES;
				CLANG_WARN_CONSTANT_CONVERSION = YES;
				CLANG_WARN_DIRECT_OBJC_ISA_USAGE = YES_ERROR;
				CLANG_WARN_EMPTY_BODY = YES;
				CLANG_WARN_ENUM_CONVERSION = YES;
				CLANG_WARN_INT_CONVERSION = YES;
				CLANG_WARN_OBJC_ROOT_CLASS = YES_ERROR;
				CLANG_WARN_UNREACHABLE_CODE = YES;
				CLANG_WARN__DUPLICATE_METHOD_MATCH = YES;
				"CODE_SIGN_IDENTITY[sdk=iphoneos*]" = "iPhone Developer";
				COPY_PHASE_STRIP = NO;
				DEBUG_INFORMATION_FORMAT = "dwarf-with-dsym";
				ENABLE_NS_ASSERTIONS = NO;
				ENABLE_STRICT_OBJC_MSGSEND = YES;
				GCC_C_LANGUAGE_STANDARD = gnu99;
				GCC_NO_COMMON_BLOCKS = YES;
				GCC_WARN_64_TO_32_BIT_CONVERSION = YES;
				GCC_WARN_ABOUT_RETURN_TYPE = YES_ERROR;
				GCC_WARN_UNDECLARED_SELECTOR = YES;
				GCC_WARN_UNINITIALIZED_AUTOS = YES_AGGRESSIVE;
				GCC_WARN_UNUSED_FUNCTION = YES;
				GCC_WARN_UNUSED_VARIABLE = YES;
				IPHONEOS_DEPLOYMENT_TARGET = 8.3;
				MTL_ENABLE_DEBUG_INFO = NO;
				SDKROOT = iphoneos;
				VALIDATE_PRODUCT = YES;
			};
			name = Release;
		};
		499CECB01B2B36AC00DF341A /* Debug */ = {
			isa = XCBuildConfiguration;
			buildSettings = {
				ASSETCATALOG_COMPILER_APPICON_NAME = AppIcon;
				CODE_SIGN_IDENTITY = "iPhone Developer";
				FRAMEWORK_SEARCH_PATHS = (
					"$(inherited)",
					"/Users/deborahmesquita1/Downloads/parse-library-1.7.4",
				);
				INFOPLIST_FILE = waho/Info.plist;
				LD_RUNPATH_SEARCH_PATHS = "$(inherited) @executable_path/Frameworks";
				PRODUCT_NAME = "$(TARGET_NAME)";
			};
			name = Debug;
		};
		499CECB11B2B36AC00DF341A /* Release */ = {
			isa = XCBuildConfiguration;
			buildSettings = {
				ASSETCATALOG_COMPILER_APPICON_NAME = AppIcon;
				CODE_SIGN_IDENTITY = "iPhone Developer";
				FRAMEWORK_SEARCH_PATHS = (
					"$(inherited)",
					"/Users/deborahmesquita1/Downloads/parse-library-1.7.4",
				);
				INFOPLIST_FILE = waho/Info.plist;
				LD_RUNPATH_SEARCH_PATHS = "$(inherited) @executable_path/Frameworks";
				PRODUCT_NAME = "$(TARGET_NAME)";
			};
			name = Release;
		};
		499CECB31B2B36AC00DF341A /* Debug */ = {
			isa = XCBuildConfiguration;
			buildSettings = {
				BUNDLE_LOADER = "$(TEST_HOST)";
				FRAMEWORK_SEARCH_PATHS = (
					"$(SDKROOT)/Developer/Library/Frameworks",
					"$(inherited)",
				);
				GCC_PREPROCESSOR_DEFINITIONS = (
					"DEBUG=1",
					"$(inherited)",
				);
				INFOPLIST_FILE = wahoTests/Info.plist;
				LD_RUNPATH_SEARCH_PATHS = "$(inherited) @executable_path/Frameworks @loader_path/Frameworks";
				PRODUCT_NAME = "$(TARGET_NAME)";
				TEST_HOST = "$(BUILT_PRODUCTS_DIR)/waho.app/waho";
			};
			name = Debug;
		};
		499CECB41B2B36AC00DF341A /* Release */ = {
			isa = XCBuildConfiguration;
			buildSettings = {
				BUNDLE_LOADER = "$(TEST_HOST)";
				FRAMEWORK_SEARCH_PATHS = (
					"$(SDKROOT)/Developer/Library/Frameworks",
					"$(inherited)",
				);
				INFOPLIST_FILE = wahoTests/Info.plist;
				LD_RUNPATH_SEARCH_PATHS = "$(inherited) @executable_path/Frameworks @loader_path/Frameworks";
				PRODUCT_NAME = "$(TARGET_NAME)";
				TEST_HOST = "$(BUILT_PRODUCTS_DIR)/waho.app/waho";
			};
			name = Release;
		};
/* End XCBuildConfiguration section */

/* Begin XCConfigurationList section */
		499CEC871B2B36AC00DF341A /* Build configuration list for PBXProject "waho" */ = {
			isa = XCConfigurationList;
			buildConfigurations = (
				499CECAD1B2B36AC00DF341A /* Debug */,
				499CECAE1B2B36AC00DF341A /* Release */,
			);
			defaultConfigurationIsVisible = 0;
			defaultConfigurationName = Release;
		};
		499CECAF1B2B36AC00DF341A /* Build configuration list for PBXNativeTarget "waho" */ = {
			isa = XCConfigurationList;
			buildConfigurations = (
				499CECB01B2B36AC00DF341A /* Debug */,
				499CECB11B2B36AC00DF341A /* Release */,
			);
			defaultConfigurationIsVisible = 0;
			defaultConfigurationName = Release;
		};
		499CECB21B2B36AC00DF341A /* Build configuration list for PBXNativeTarget "wahoTests" */ = {
			isa = XCConfigurationList;
			buildConfigurations = (
				499CECB31B2B36AC00DF341A /* Debug */,
				499CECB41B2B36AC00DF341A /* Release */,
			);
			defaultConfigurationIsVisible = 0;
			defaultConfigurationName = Release;
		};
/* End XCConfigurationList section */
	};
	rootObject = 499CEC841B2B36AC00DF341A /* Project object */;
}
